
Microsoft Visual Studio Solution File, Format Version 12.00
# Visual Studio Version 16
VisualStudioVersion = 16.0.29424.173
MinimumVisualStudioVersion = 10.0.40219.1
Project("{FAE04EC0-301F-11D3-BF4B-00C04F79EFBC}") = "SaleManager.Api", "SaleManager.Api\SaleManager.Api.csproj", "{32565DAA-6409-4508-96E7-F33BA6C9C4A5}"
EndProject
Global
	GlobalSection(SolutionConfigurationPlatforms) = preSolution
		Debug|Any CPU = Debug|Any CPU
		Release|Any CPU = Release|Any CPU
	EndGlobalSection
	GlobalSection(ProjectConfigurationPlatforms) = postSolution
		{32565DAA-6409-4508-96E7-F33BA6C9C4A5}.Debug|Any CPU.ActiveCfg = Debug|Any CPU
		{32565DAA-6409-4508-96E7-F33BA6C9C4A5}.Debug|Any CPU.Build.0 = Debug|Any CPU
		{32565DAA-6409-4508-96E7-F33BA6C9C4A5}.Release|Any CPU.ActiveCfg = Release|Any CPU
		{32565DAA-6409-4508-96E7-F33BA6C9C4A5}.Release|Any CPU.Build.0 = Release|Any CPU
	EndGlobalSection
	GlobalSection(SolutionProperties) = preSolution
		HideSolutionNode = FALSE
	EndGlobalSection
	GlobalSection(ExtensibilityGlobals) = postSolution
		SolutionGuid = {2F7FE020-A590-4A73-9D0B-20361AE97B74}
	EndGlobalSection
EndGlobal
